
Microsoft Visual Studio Solution File, Format Version 12.00
# Visual Studio Version 17
VisualStudioVersion = 17.13.35931.197
MinimumVisualStudioVersion = 10.0.40219.1
Project("{FAE04EC0-301F-11D3-BF4B-00C04F79EFBC}") = "LD4430_HSZF_2024252.Application", "LD4430_HSZF_2024252.Application\LD4430_HSZF_2024252.Application.csproj", "{04CD8934-A8F5-4C2C-8C36-D442EFA26EC7}"
EndProject
Project("{FAE04EC0-301F-11D3-BF4B-00C04F79EFBC}") = "LD4430_HSZF_2024252.Model", "LD4430_HSZF_2024252.Model\LD4430_HSZF_2024252.Model.csproj", "{4CB51BFA-75C4-49EF-8098-1FC3B9EF7B50}"
EndProject
Project("{FAE04EC0-301F-11D3-BF4B-00C04F79EFBC}") = "LD4430_HSZF_2024252.Persistence.MsSql", "LD4430_HSZF_2024252.Persistence.MsSql\LD4430_HSZF_2024252.Persistence.MsSql.csproj", "{5D1241F1-7272-414B-9651-B881573DC5DC}"
EndProject
Project("{FAE04EC0-301F-11D3-BF4B-00C04F79EFBC}") = "LD4430_HSZF_2024252.Console", "LD4430_HSZF_2024252.Console\LD4430_HSZF_2024252.Console.csproj", "{0DD5EF46-FC9A-4FC1-B9D3-C2A3F973FA28}"
EndProject
Project("{2150E333-8FDC-42A3-9474-1A3956D46DE8}") = "Application", "Application", "{02EA681E-C7D8-13C7-8484-4AC65E1B71E8}"
EndProject
Project("{2150E333-8FDC-42A3-9474-1A3956D46DE8}") = "Infrastructure", "Infrastructure", "{A73B24B5-F17C-45EA-B9CF-DE6ABC45E1D3}"
EndProject
Project("{2150E333-8FDC-42A3-9474-1A3956D46DE8}") = "Domain", "Domain", "{A36DD558-D368-41F6-8250-EBEE2F5EE6D0}"
EndProject
Project("{2150E333-8FDC-42A3-9474-1A3956D46DE8}") = "Presentation", "Presentation", "{244FEC6C-52D4-475C-829F-562EA1BE0FB5}"
EndProject
Project("{2150E333-8FDC-42A3-9474-1A3956D46DE8}") = "Test", "Test", "{01E3B6C3-4764-4B0F-96D0-0C472616149F}"
EndProject
Project("{FAE04EC0-301F-11D3-BF4B-00C04F79EFBC}") = "LD4430_HSZF_20252.Test", "LD4430_HSZF_20252.NUnitTest\LD4430_HSZF_20252.Test.csproj", "{0124FD5C-FD2A-4CC4-B1B3-1BB69978F48E}"
EndProject
Global
	GlobalSection(SolutionConfigurationPlatforms) = preSolution
		Debug|Any CPU = Debug|Any CPU
		Release|Any CPU = Release|Any CPU
	EndGlobalSection
	GlobalSection(ProjectConfigurationPlatforms) = postSolution
		{04CD8934-A8F5-4C2C-8C36-D442EFA26EC7}.Debug|Any CPU.ActiveCfg = Debug|Any CPU
		{04CD8934-A8F5-4C2C-8C36-D442EFA26EC7}.Debug|Any CPU.Build.0 = Debug|Any CPU
		{04CD8934-A8F5-4C2C-8C36-D442EFA26EC7}.Release|Any CPU.ActiveCfg = Release|Any CPU
		{04CD8934-A8F5-4C2C-8C36-D442EFA26EC7}.Release|Any CPU.Build.0 = Release|Any CPU
		{4CB51BFA-75C4-49EF-8098-1FC3B9EF7B50}.Debug|Any CPU.ActiveCfg = Debug|Any CPU
		{4CB51BFA-75C4-49EF-8098-1FC3B9EF7B50}.Debug|Any CPU.Build.0 = Debug|Any CPU
		{4CB51BFA-75C4-49EF-8098-1FC3B9EF7B50}.Release|Any CPU.ActiveCfg = Release|Any CPU
		{4CB51BFA-75C4-49EF-8098-1FC3B9EF7B50}.Release|Any CPU.Build.0 = Release|Any CPU
		{5D1241F1-7272-414B-9651-B881573DC5DC}.Debug|Any CPU.ActiveCfg = Debug|Any CPU
		{5D1241F1-7272-414B-9651-B881573DC5DC}.Debug|Any CPU.Build.0 = Debug|Any CPU
		{5D1241F1-7272-414B-9651-B881573DC5DC}.Release|Any CPU.ActiveCfg = Release|Any CPU
		{5D1241F1-7272-414B-9651-B881573DC5DC}.Release|Any CPU.Build.0 = Release|Any CPU
		{0DD5EF46-FC9A-4FC1-B9D3-C2A3F973FA28}.Debug|Any CPU.ActiveCfg = Debug|Any CPU
		{0DD5EF46-FC9A-4FC1-B9D3-C2A3F973FA28}.Debug|Any CPU.Build.0 = Debug|Any CPU
		{0DD5EF46-FC9A-4FC1-B9D3-C2A3F973FA28}.Release|Any CPU.ActiveCfg = Release|Any CPU
		{0DD5EF46-FC9A-4FC1-B9D3-C2A3F973FA28}.Release|Any CPU.Build.0 = Release|Any CPU
		{0124FD5C-FD2A-4CC4-B1B3-1BB69978F48E}.Debug|Any CPU.ActiveCfg = Debug|Any CPU
		{0124FD5C-FD2A-4CC4-B1B3-1BB69978F48E}.Debug|Any CPU.Build.0 = Debug|Any CPU
		{0124FD5C-FD2A-4CC4-B1B3-1BB69978F48E}.Release|Any CPU.ActiveCfg = Release|Any CPU
		{0124FD5C-FD2A-4CC4-B1B3-1BB69978F48E}.Release|Any CPU.Build.0 = Release|Any CPU
	EndGlobalSection
	GlobalSection(SolutionProperties) = preSolution
		HideSolutionNode = FALSE
	EndGlobalSection
	GlobalSection(NestedProjects) = preSolution
		{04CD8934-A8F5-4C2C-8C36-D442EFA26EC7} = {02EA681E-C7D8-13C7-8484-4AC65E1B71E8}
		{4CB51BFA-75C4-49EF-8098-1FC3B9EF7B50} = {A36DD558-D368-41F6-8250-EBEE2F5EE6D0}
		{5D1241F1-7272-414B-9651-B881573DC5DC} = {A73B24B5-F17C-45EA-B9CF-DE6ABC45E1D3}
		{0DD5EF46-FC9A-4FC1-B9D3-C2A3F973FA28} = {244FEC6C-52D4-475C-829F-562EA1BE0FB5}
		{0124FD5C-FD2A-4CC4-B1B3-1BB69978F48E} = {01E3B6C3-4764-4B0F-96D0-0C472616149F}
	EndGlobalSection
	GlobalSection(ExtensibilityGlobals) = postSolution
		SolutionGuid = {BEA150EE-94E3-4990-BA0E-76A39CBD8337}
	EndGlobalSection
EndGlobal
